
Microsoft Visual Studio Solution File, Format Version 12.00
# Visual Studio Version 16
VisualStudioVersion = 16.0.33027.164
MinimumVisualStudioVersion = 10.0.40219.1
Project("{FAE04EC0-301F-11D3-BF4B-00C04F79EFBC}") = "testing", "testing.csproj", "{C8BE95CA-D4DC-4699-A89A-B6709AFBFF8B}"
EndProject
Global
	GlobalSection(SolutionConfigurationPlatforms) = preSolution
		Debug|Any CPU = Debug|Any CPU
		Release|Any CPU = Release|Any CPU
	EndGlobalSection
	GlobalSection(ProjectConfigurationPlatforms) = postSolution
		{C8BE95CA-D4DC-4699-A89A-B6709AFBFF8B}.Debug|Any CPU.ActiveCfg = Debug|Any CPU
		{C8BE95CA-D4DC-4699-A89A-B6709AFBFF8B}.Debug|Any CPU.Build.0 = Debug|Any CPU
		{C8BE95CA-D4DC-4699-A89A-B6709AFBFF8B}.Release|Any CPU.ActiveCfg = Release|Any CPU
		{C8BE95CA-D4DC-4699-A89A-B6709AFBFF8B}.Release|Any CPU.Build.0 = Release|Any CPU
	EndGlobalSection
	GlobalSection(SolutionProperties) = preSolution
		HideSolutionNode = FALSE
	EndGlobalSection
	GlobalSection(ExtensibilityGlobals) = postSolution
		SolutionGuid = {2F1BC07F-7DED-4765-8032-AC0EAB517C3D}
	EndGlobalSection
EndGlobal
