
Microsoft Visual Studio Solution File, Format Version 12.00
# Visual Studio Version 17
VisualStudioVersion = 17.3.32922.545
MinimumVisualStudioVersion = 10.0.40219.1
Project("{FAE04EC0-301F-11D3-BF4B-00C04F79EFBC}") = "GUI Manipulation", "GUI Manipulation\GUI Manipulation.csproj", "{575C2D8C-DEE2-4051-BBCF-23C668C13945}"
EndProject
Global
	GlobalSection(SolutionConfigurationPlatforms) = preSolution
		Debug|Any CPU = Debug|Any CPU
		Release|Any CPU = Release|Any CPU
	EndGlobalSection
	GlobalSection(ProjectConfigurationPlatforms) = postSolution
		{575C2D8C-DEE2-4051-BBCF-23C668C13945}.Debug|Any CPU.ActiveCfg = Debug|Any CPU
		{575C2D8C-DEE2-4051-BBCF-23C668C13945}.Debug|Any CPU.Build.0 = Debug|Any CPU
		{575C2D8C-DEE2-4051-BBCF-23C668C13945}.Release|Any CPU.ActiveCfg = Release|Any CPU
		{575C2D8C-DEE2-4051-BBCF-23C668C13945}.Release|Any CPU.Build.0 = Release|Any CPU
	EndGlobalSection
	GlobalSection(SolutionProperties) = preSolution
		HideSolutionNode = FALSE
	EndGlobalSection
	GlobalSection(ExtensibilityGlobals) = postSolution
		SolutionGuid = {E1813004-F406-4F4F-A912-E3849D13C30C}
	EndGlobalSection
EndGlobal
